
Microsoft Visual Studio Solution File, Format Version 12.00
# Visual Studio 14
VisualStudioVersion = 14.0.25420.1
MinimumVisualStudioVersion = 10.0.40219.1
Project("{888888A0-9F3D-457C-B088-3A5042F75D52}") = "UIServer", "UIServer\UIServer.pyproj", "{96DFCEC0-8C92-4FA4-8A27-2205044782D8}"
EndProject
Project("{888888A0-9F3D-457C-B088-3A5042F75D52}") = "PivotEngine", "PivotEngine\PivotEngine.pyproj", "{7E503999-9476-4121-A284-E83C8D0A08F4}"
EndProject
Global
	GlobalSection(SolutionConfigurationPlatforms) = preSolution
		Debug|Any CPU = Debug|Any CPU
		Release|Any CPU = Release|Any CPU
	EndGlobalSection
	GlobalSection(ProjectConfigurationPlatforms) = postSolution
		{96DFCEC0-8C92-4FA4-8A27-2205044782D8}.Debug|Any CPU.ActiveCfg = Debug|Any CPU
		{96DFCEC0-8C92-4FA4-8A27-2205044782D8}.Debug|Any CPU.Build.0 = Debug|Any CPU
		{96DFCEC0-8C92-4FA4-8A27-2205044782D8}.Release|Any CPU.ActiveCfg = Release|Any CPU
		{96DFCEC0-8C92-4FA4-8A27-2205044782D8}.Release|Any CPU.Build.0 = Release|Any CPU
		{7E503999-9476-4121-A284-E83C8D0A08F4}.Debug|Any CPU.ActiveCfg = Debug|Any CPU
		{7E503999-9476-4121-A284-E83C8D0A08F4}.Release|Any CPU.ActiveCfg = Release|Any CPU
	EndGlobalSection
	GlobalSection(SolutionProperties) = preSolution
		HideSolutionNode = FALSE
	EndGlobalSection
EndGlobal
